
Microsoft Visual Studio Solution File, Format Version 12.00
# Visual Studio Version 17
VisualStudioVersion = 17.13.35828.75
MinimumVisualStudioVersion = 10.0.40219.1
Project("{2150E333-8FDC-42A3-9474-1A3956D46DE8}") = "Services", "Services", "{02EA681E-C7D8-13C7-8484-4AC65E1B71E8}"
EndProject
Project("{2150E333-8FDC-42A3-9474-1A3956D46DE8}") = "Catalog", "Catalog", "{0EB56D0F-AEF3-41D8-85D8-0E4167E4BEC0}"
EndProject
Project("{FAE04EC0-301F-11D3-BF4B-00C04F79EFBC}") = "Catalog.API", "src\Services\Catalog\Catalog.API\Catalog.API.csproj", "{9AFDFD12-62CB-4D5C-9F47-1F344447BCBD}"
EndProject
Project("{2150E333-8FDC-42A3-9474-1A3956D46DE8}") = "BuildingBlocks", "BuildingBlocks", "{AB60FA9A-924C-42FA-A6C6-4A8A318FA045}"
EndProject
Project("{FAE04EC0-301F-11D3-BF4B-00C04F79EFBC}") = "BuildingBlocks", "src\BuildingBlocks\BuildingBlocks\BuildingBlocks.csproj", "{9A87FA6C-F6D4-4E4A-801B-1FCD6FB69D89}"
EndProject
Project("{E53339B2-1760-4266-BCC7-CA923CBCF16C}") = "docker-compose", "docker-compose.dcproj", "{81DDED9D-158B-E303-5F62-77A2896D2A5A}"
EndProject
Project("{2150E333-8FDC-42A3-9474-1A3956D46DE8}") = "Basket", "Basket", "{CC0866F0-4B9C-4BFD-A2B3-4C8C78B7E88D}"
EndProject
Project("{FAE04EC0-301F-11D3-BF4B-00C04F79EFBC}") = "Basket.API", "src\Services\Basket\Basket.API\Basket.API.csproj", "{CA0DD73B-6FD0-4ABC-AE3A-D0B1BAF8793B}"
EndProject
Project("{2150E333-8FDC-42A3-9474-1A3956D46DE8}") = "Discount", "Discount", "{8EF9D94A-D2B6-4D67-9542-932C6E9E49E2}"
EndProject
Project("{FAE04EC0-301F-11D3-BF4B-00C04F79EFBC}") = "Discount.Grpc", "src\Services\Discount\Discount.Grpc\Discount.Grpc.csproj", "{A373A6A5-2CEF-4BCB-89FF-E9820BDDF22E}"
EndProject
Project("{2150E333-8FDC-42A3-9474-1A3956D46DE8}") = "Oredering", "Oredering", "{C023C68A-8A32-41EE-ACA7-C079FC748EB1}"
EndProject
Project("{FAE04EC0-301F-11D3-BF4B-00C04F79EFBC}") = "Ordering.API", "src\Services\Ordering\Ordering.API\Ordering.API.csproj", "{73FBBBCA-D323-47EC-84F6-84D557618A23}"
EndProject
Project("{FAE04EC0-301F-11D3-BF4B-00C04F79EFBC}") = "Ordering.Domain", "src\Services\Ordering\Ordering.Domain\Ordering.Domain.csproj", "{E21B11F3-0E61-4331-9390-D666F3974E96}"
EndProject
Project("{FAE04EC0-301F-11D3-BF4B-00C04F79EFBC}") = "Ordering.Application", "src\Services\Ordering\Ordering.Application\Ordering.Application.csproj", "{BA6D01D1-3C03-44F6-A0B6-2F88BC38B010}"
EndProject
Project("{FAE04EC0-301F-11D3-BF4B-00C04F79EFBC}") = "BuildingBlock.Messaging", "src\BuildingBlocks\BuildingBlock.Messaging\BuildingBlock.Messaging.csproj", "{5F93E5C8-E471-4E57-BA37-A78B0F60E31A}"
EndProject
Project("{FAE04EC0-301F-11D3-BF4B-00C04F79EFBC}") = "Ordering.Infrastructure", "src\Services\Ordering\Ordering.Infrastructure\Ordering.Infrastructure.csproj", "{D174FA7F-72F5-FE5D-BD2C-E052CAB9AF21}"
EndProject
Project("{2150E333-8FDC-42A3-9474-1A3956D46DE8}") = "APIGateways", "APIGateways", "{A286366A-6402-46AC-BCA7-35E3151E130A}"
EndProject
Project("{FAE04EC0-301F-11D3-BF4B-00C04F79EFBC}") = "YarpApiGateway", "src\ApiGateways\YarpApiGateway\YarpApiGateway.csproj", "{CA7A1868-5379-4D85-8315-362E4204A4A0}"
EndProject
Project("{2150E333-8FDC-42A3-9474-1A3956D46DE8}") = "WebApps", "WebApps", "{F72BF14A-2711-41D4-ACBD-CAD5CD104358}"
EndProject
Project("{FAE04EC0-301F-11D3-BF4B-00C04F79EFBC}") = "Shopping.Web", "src\WebApps\Shopping.Web\Shopping.Web.csproj", "{629A7315-791B-4FF9-B003-F35C8EA5F829}"
EndProject
Global
	GlobalSection(SolutionConfigurationPlatforms) = preSolution
		Debug|Any CPU = Debug|Any CPU
		Release|Any CPU = Release|Any CPU
	EndGlobalSection
	GlobalSection(ProjectConfigurationPlatforms) = postSolution
		{9AFDFD12-62CB-4D5C-9F47-1F344447BCBD}.Debug|Any CPU.ActiveCfg = Debug|Any CPU
		{9AFDFD12-62CB-4D5C-9F47-1F344447BCBD}.Debug|Any CPU.Build.0 = Debug|Any CPU
		{9AFDFD12-62CB-4D5C-9F47-1F344447BCBD}.Release|Any CPU.ActiveCfg = Release|Any CPU
		{9AFDFD12-62CB-4D5C-9F47-1F344447BCBD}.Release|Any CPU.Build.0 = Release|Any CPU
		{9A87FA6C-F6D4-4E4A-801B-1FCD6FB69D89}.Debug|Any CPU.ActiveCfg = Debug|Any CPU
		{9A87FA6C-F6D4-4E4A-801B-1FCD6FB69D89}.Debug|Any CPU.Build.0 = Debug|Any CPU
		{9A87FA6C-F6D4-4E4A-801B-1FCD6FB69D89}.Release|Any CPU.ActiveCfg = Release|Any CPU
		{9A87FA6C-F6D4-4E4A-801B-1FCD6FB69D89}.Release|Any CPU.Build.0 = Release|Any CPU
		{81DDED9D-158B-E303-5F62-77A2896D2A5A}.Debug|Any CPU.ActiveCfg = Debug|Any CPU
		{81DDED9D-158B-E303-5F62-77A2896D2A5A}.Debug|Any CPU.Build.0 = Debug|Any CPU
		{81DDED9D-158B-E303-5F62-77A2896D2A5A}.Release|Any CPU.ActiveCfg = Release|Any CPU
		{81DDED9D-158B-E303-5F62-77A2896D2A5A}.Release|Any CPU.Build.0 = Release|Any CPU
		{CA0DD73B-6FD0-4ABC-AE3A-D0B1BAF8793B}.Debug|Any CPU.ActiveCfg = Debug|Any CPU
		{CA0DD73B-6FD0-4ABC-AE3A-D0B1BAF8793B}.Debug|Any CPU.Build.0 = Debug|Any CPU
		{CA0DD73B-6FD0-4ABC-AE3A-D0B1BAF8793B}.Release|Any CPU.ActiveCfg = Release|Any CPU
		{CA0DD73B-6FD0-4ABC-AE3A-D0B1BAF8793B}.Release|Any CPU.Build.0 = Release|Any CPU
		{A373A6A5-2CEF-4BCB-89FF-E9820BDDF22E}.Debug|Any CPU.ActiveCfg = Debug|Any CPU
		{A373A6A5-2CEF-4BCB-89FF-E9820BDDF22E}.Debug|Any CPU.Build.0 = Debug|Any CPU
		{A373A6A5-2CEF-4BCB-89FF-E9820BDDF22E}.Release|Any CPU.ActiveCfg = Release|Any CPU
		{A373A6A5-2CEF-4BCB-89FF-E9820BDDF22E}.Release|Any CPU.Build.0 = Release|Any CPU
		{73FBBBCA-D323-47EC-84F6-84D557618A23}.Debug|Any CPU.ActiveCfg = Debug|Any CPU
		{73FBBBCA-D323-47EC-84F6-84D557618A23}.Debug|Any CPU.Build.0 = Debug|Any CPU
		{73FBBBCA-D323-47EC-84F6-84D557618A23}.Release|Any CPU.ActiveCfg = Release|Any CPU
		{73FBBBCA-D323-47EC-84F6-84D557618A23}.Release|Any CPU.Build.0 = Release|Any CPU
		{E21B11F3-0E61-4331-9390-D666F3974E96}.Debug|Any CPU.ActiveCfg = Debug|Any CPU
		{E21B11F3-0E61-4331-9390-D666F3974E96}.Debug|Any CPU.Build.0 = Debug|Any CPU
		{E21B11F3-0E61-4331-9390-D666F3974E96}.Release|Any CPU.ActiveCfg = Release|Any CPU
		{E21B11F3-0E61-4331-9390-D666F3974E96}.Release|Any CPU.Build.0 = Release|Any CPU
		{BA6D01D1-3C03-44F6-A0B6-2F88BC38B010}.Debug|Any CPU.ActiveCfg = Debug|Any CPU
		{BA6D01D1-3C03-44F6-A0B6-2F88BC38B010}.Debug|Any CPU.Build.0 = Debug|Any CPU
		{BA6D01D1-3C03-44F6-A0B6-2F88BC38B010}.Release|Any CPU.ActiveCfg = Release|Any CPU
		{BA6D01D1-3C03-44F6-A0B6-2F88BC38B010}.Release|Any CPU.Build.0 = Release|Any CPU
		{5F93E5C8-E471-4E57-BA37-A78B0F60E31A}.Debug|Any CPU.ActiveCfg = Debug|Any CPU
		{5F93E5C8-E471-4E57-BA37-A78B0F60E31A}.Debug|Any CPU.Build.0 = Debug|Any CPU
		{5F93E5C8-E471-4E57-BA37-A78B0F60E31A}.Release|Any CPU.ActiveCfg = Release|Any CPU
		{5F93E5C8-E471-4E57-BA37-A78B0F60E31A}.Release|Any CPU.Build.0 = Release|Any CPU
		{D174FA7F-72F5-FE5D-BD2C-E052CAB9AF21}.Debug|Any CPU.ActiveCfg = Debug|Any CPU
		{D174FA7F-72F5-FE5D-BD2C-E052CAB9AF21}.Debug|Any CPU.Build.0 = Debug|Any CPU
		{D174FA7F-72F5-FE5D-BD2C-E052CAB9AF21}.Release|Any CPU.ActiveCfg = Release|Any CPU
		{D174FA7F-72F5-FE5D-BD2C-E052CAB9AF21}.Release|Any CPU.Build.0 = Release|Any CPU
		{CA7A1868-5379-4D85-8315-362E4204A4A0}.Debug|Any CPU.ActiveCfg = Debug|Any CPU
		{CA7A1868-5379-4D85-8315-362E4204A4A0}.Debug|Any CPU.Build.0 = Debug|Any CPU
		{CA7A1868-5379-4D85-8315-362E4204A4A0}.Release|Any CPU.ActiveCfg = Release|Any CPU
		{CA7A1868-5379-4D85-8315-362E4204A4A0}.Release|Any CPU.Build.0 = Release|Any CPU
		{629A7315-791B-4FF9-B003-F35C8EA5F829}.Debug|Any CPU.ActiveCfg = Debug|Any CPU
		{629A7315-791B-4FF9-B003-F35C8EA5F829}.Debug|Any CPU.Build.0 = Debug|Any CPU
		{629A7315-791B-4FF9-B003-F35C8EA5F829}.Release|Any CPU.ActiveCfg = Release|Any CPU
		{629A7315-791B-4FF9-B003-F35C8EA5F829}.Release|Any CPU.Build.0 = Release|Any CPU
	EndGlobalSection
	GlobalSection(SolutionProperties) = preSolution
		HideSolutionNode = FALSE
	EndGlobalSection
	GlobalSection(NestedProjects) = preSolution
		{0EB56D0F-AEF3-41D8-85D8-0E4167E4BEC0} = {02EA681E-C7D8-13C7-8484-4AC65E1B71E8}
		{9AFDFD12-62CB-4D5C-9F47-1F344447BCBD} = {0EB56D0F-AEF3-41D8-85D8-0E4167E4BEC0}
		{9A87FA6C-F6D4-4E4A-801B-1FCD6FB69D89} = {AB60FA9A-924C-42FA-A6C6-4A8A318FA045}
		{CC0866F0-4B9C-4BFD-A2B3-4C8C78B7E88D} = {02EA681E-C7D8-13C7-8484-4AC65E1B71E8}
		{CA0DD73B-6FD0-4ABC-AE3A-D0B1BAF8793B} = {CC0866F0-4B9C-4BFD-A2B3-4C8C78B7E88D}
		{8EF9D94A-D2B6-4D67-9542-932C6E9E49E2} = {02EA681E-C7D8-13C7-8484-4AC65E1B71E8}
		{A373A6A5-2CEF-4BCB-89FF-E9820BDDF22E} = {8EF9D94A-D2B6-4D67-9542-932C6E9E49E2}
		{C023C68A-8A32-41EE-ACA7-C079FC748EB1} = {02EA681E-C7D8-13C7-8484-4AC65E1B71E8}
		{73FBBBCA-D323-47EC-84F6-84D557618A23} = {C023C68A-8A32-41EE-ACA7-C079FC748EB1}
		{E21B11F3-0E61-4331-9390-D666F3974E96} = {C023C68A-8A32-41EE-ACA7-C079FC748EB1}
		{BA6D01D1-3C03-44F6-A0B6-2F88BC38B010} = {C023C68A-8A32-41EE-ACA7-C079FC748EB1}
		{5F93E5C8-E471-4E57-BA37-A78B0F60E31A} = {AB60FA9A-924C-42FA-A6C6-4A8A318FA045}
		{D174FA7F-72F5-FE5D-BD2C-E052CAB9AF21} = {C023C68A-8A32-41EE-ACA7-C079FC748EB1}
		{CA7A1868-5379-4D85-8315-362E4204A4A0} = {A286366A-6402-46AC-BCA7-35E3151E130A}
		{629A7315-791B-4FF9-B003-F35C8EA5F829} = {F72BF14A-2711-41D4-ACBD-CAD5CD104358}
	EndGlobalSection
	GlobalSection(ExtensibilityGlobals) = postSolution
		SolutionGuid = {5BDC097C-6ECE-4584-AFAC-631BE4C6D7C9}
	EndGlobalSection
EndGlobal
